
Microsoft Visual Studio Solution File, Format Version 12.00
Project("{FAE04EC0-301F-11D3-BF4B-00C04F79EFBC}") = "InheritanceVsComposition", "InheritanceVsComposition\InheritanceVsComposition.csproj", "{D3522FB8-B354-4C44-BC6D-AE0C200FC5F3}"
EndProject
Global
	GlobalSection(SolutionConfigurationPlatforms) = preSolution
		Debug|Any CPU = Debug|Any CPU
		Release|Any CPU = Release|Any CPU
	EndGlobalSection
	GlobalSection(ProjectConfigurationPlatforms) = postSolution
		{D3522FB8-B354-4C44-BC6D-AE0C200FC5F3}.Debug|Any CPU.ActiveCfg = Debug|Any CPU
		{D3522FB8-B354-4C44-BC6D-AE0C200FC5F3}.Debug|Any CPU.Build.0 = Debug|Any CPU
		{D3522FB8-B354-4C44-BC6D-AE0C200FC5F3}.Release|Any CPU.ActiveCfg = Release|Any CPU
		{D3522FB8-B354-4C44-BC6D-AE0C200FC5F3}.Release|Any CPU.Build.0 = Release|Any CPU
	EndGlobalSection
EndGlobal
