
Microsoft Visual Studio Solution File, Format Version 12.00
Project("{FAE04EC0-301F-11D3-BF4B-00C04F79EFBC}") = "Classes", "Classes\Classes.csproj", "{DED0AC3C-D8BC-4CB6-8556-94A020C20548}"
EndProject
Global
	GlobalSection(SolutionConfigurationPlatforms) = preSolution
		Debug|Any CPU = Debug|Any CPU
		Release|Any CPU = Release|Any CPU
	EndGlobalSection
	GlobalSection(ProjectConfigurationPlatforms) = postSolution
		{DED0AC3C-D8BC-4CB6-8556-94A020C20548}.Debug|Any CPU.ActiveCfg = Debug|Any CPU
		{DED0AC3C-D8BC-4CB6-8556-94A020C20548}.Debug|Any CPU.Build.0 = Debug|Any CPU
		{DED0AC3C-D8BC-4CB6-8556-94A020C20548}.Release|Any CPU.ActiveCfg = Release|Any CPU
		{DED0AC3C-D8BC-4CB6-8556-94A020C20548}.Release|Any CPU.Build.0 = Release|Any CPU
	EndGlobalSection
EndGlobal
