
Microsoft Visual Studio Solution File, Format Version 12.00
Project("{FAE04EC0-301F-11D3-BF4B-00C04F79EFBC}") = "ObjectInitializater", "ObjectInitializater\ObjectInitializater.csproj", "{75AC8413-AD5A-4D73-B5D9-2A88D05826EE}"
EndProject
Global
	GlobalSection(SolutionConfigurationPlatforms) = preSolution
		Debug|Any CPU = Debug|Any CPU
		Release|Any CPU = Release|Any CPU
	EndGlobalSection
	GlobalSection(ProjectConfigurationPlatforms) = postSolution
		{75AC8413-AD5A-4D73-B5D9-2A88D05826EE}.Debug|Any CPU.ActiveCfg = Debug|Any CPU
		{75AC8413-AD5A-4D73-B5D9-2A88D05826EE}.Debug|Any CPU.Build.0 = Debug|Any CPU
		{75AC8413-AD5A-4D73-B5D9-2A88D05826EE}.Release|Any CPU.ActiveCfg = Release|Any CPU
		{75AC8413-AD5A-4D73-B5D9-2A88D05826EE}.Release|Any CPU.Build.0 = Release|Any CPU
	EndGlobalSection
EndGlobal
